Microsoft Visual Studio Solution File, Format Version 12.00
# Visual Studio Version 17
VisualStudioVersion = 17.13.35828.75
MinimumVisualStudioVersion = 10.0.40219.1
Project("{FAE04EC0-301F-11D3-BF4B-00C04F79EFBC}") = "MSIS4363Assignment6", "MSIS4363Assignment6\MSIS4363Assignment6.csproj", "{C9C8D042-B580-411B-998F-56AB58BFBE00}"
EndProject
Global
	GlobalSection(SolutionConfigurationPlatforms) = preSolution
		Debug|Any CPU = Debug|Any CPU
		Release|Any CPU = Release|Any CPU
	EndGlobalSection
	GlobalSection(ProjectConfigurationPlatforms) = postSolution
		{C9C8D042-B580-411B-998F-56AB58BFBE00}.Debug|Any CPU.ActiveCfg = Debug|Any CPU
		{C9C8D042-B580-411B-998F-56AB58BFBE00}.Debug|Any CPU.Build.0 = Debug|Any CPU
		{C9C8D042-B580-411B-998F-56AB58BFBE00}.Release|Any CPU.ActiveCfg = Release|Any CPU
		{C9C8D042-B580-411B-998F-56AB58BFBE00}.Release|Any CPU.Build.0 = Release|Any CPU
	EndGlobalSection
	GlobalSection(SolutionProperties) = preSolution
		HideSolutionNode = FALSE
	EndGlobalSection
	GlobalSection(ExtensibilityGlobals) = postSolution
		SolutionGuid = {52859FB0-F63D-4B1E-8C7A-BB8A225E5D75}
	EndGlobalSection
EndGlobal
